{
  "nodes": {
    "nixpkgs": {
      "locked": {
        "lastModified": 1615991631,
        "narHash": "sha256-TEDPXYy9sVLyctW/OBqxhxlxPmvTwRqXBch0eexJm8Y=",
        "owner": "NixOS",
        "repo": "nixpkgs",
        "rev": "f137bcd5c92906ae0f924769a95b8c8e6602f90b",
        "type": "github"
      },
      "original": {
        "owner": "NixOS",
        "ref": "nixpkgs-unstable",
        "repo": "nixpkgs",
        "type": "github"
      }
    },
    "root": {
      "inputs": {
        "nixpkgs": "nixpkgs"
      }
    }
  },
  "root": "root",
  "version": 7
}
